// !$*UTF8*$!
{
	archiveVersion = 1;
	classes = {
	};
	objectVersion = 48;
	objects = {

/* Begin PBXBuildFile section */
		642237981F33B8E500A05CCA /* AppDelegate.swift in Sources */ = {isa = PBXBuildFile; fileRef = 642237971F33B8E500A05CCA /* AppDelegate.swift */; };
		6422379A1F33B8E500A05CCA /* Scene.sks in Resources */ = {isa = PBXBuildFile; fileRef = 642237991F33B8E500A05CCA /* Scene.sks */; };
		6422379C1F33B8E500A05CCA /* Scene.swift in Sources */ = {isa = PBXBuildFile; fileRef = 6422379B1F33B8E500A05CCA /* Scene.swift */; };
		6422379E1F33B8E500A05CCA /* ViewController.swift in Sources */ = {isa = PBXBuildFile; fileRef = 6422379D1F33B8E500A05CCA /* ViewController.swift */; };
		642237A11F33B8E500A05CCA /* Main.storyboard in Resources */ = {isa = PBXBuildFile; fileRef = 6422379F1F33B8E500A05CCA /* Main.storyboard */; };
		642237A31F33B8E500A05CCA /* Assets.xcassets in Resources */ = {isa = PBXBuildFile; fileRef = 642237A21F33B8E500A05CCA /* Assets.xcassets */; };
		642237A61F33B8E500A05CCA /* LaunchScreen.storyboard in Resources */ = {isa = PBXBuildFile; fileRef = 642237A41F33B8E500A05CCA /* LaunchScreen.storyboard */; };
/* End PBXBuildFile section */

/* Begin PBXFileReference section */
		642237941F33B8E500A05CCA /* ARSpriteTest.app */ = {isa = PBXFileReference; explicitFileType = wrapper.application; includeInIndex = 0; path = ARSpriteTest.app; sourceTree = BUILT_PRODUCTS_DIR; };
		642237971F33B8E500A05CCA /* AppDelegate.swift */ = {isa = PBXFileReference; lastKnownFileType = sourcecode.swift; path = AppDelegate.swift; sourceTree = "<group>"; };
		642237991F33B8E500A05CCA /* Scene.sks */ = {isa = PBXFileReference; lastKnownFileType = file.sks; path = Scene.sks; sourceTree = "<group>"; };
		6422379B1F33B8E500A05CCA /* Scene.swift */ = {isa = PBXFileReference; lastKnownFileType = sourcecode.swift; path = Scene.swift; sourceTree = "<group>"; };
		6422379D1F33B8E500A05CCA /* ViewController.swift */ = {isa = PBXFileReference; lastKnownFileType = sourcecode.swift; path = ViewController.swift; sourceTree = "<group>"; };
		642237A01F33B8E500A05CCA /* Base */ = {isa = PBXFileReference; lastKnownFileType = file.storyboard; name = Base; path = Base.lproj/Main.storyboard; sourceTree = "<group>"; };
		642237A21F33B8E500A05CCA /* Assets.xcassets */ = {isa = PBXFileReference; lastKnownFileType = folder.assetcatalog; path = Assets.xcassets; sourceTree = "<group>"; };
		642237A51F33B8E500A05CCA /* Base */ = {isa = PBXFileReference; lastKnownFileType = file.storyboard; name = Base; path = Base.lproj/LaunchScreen.storyboard; sourceTree = "<group>"; };
		642237A71F33B8E500A05CCA /* Info.plist */ = {isa = PBXFileReference; lastKnownFileType = text.plist.xml; path = Info.plist; sourceTree = "<group>"; };
/* End PBXFileReference section */

/* Begin PBXFrameworksBuildPhase section */
		642237911F33B8E500A05CCA /* Frameworks */ = {
			isa = PBXFrameworksBuildPhase;
			buildActionMask = 2147483647;
			files = (
			);
			runOnlyForDeploymentPostprocessing = 0;
		};
/* End PBXFrameworksBuildPhase section */

/* Begin PBXGroup section */
		6422378B1F33B8E400A05CCA = {
			isa = PBXGroup;
			children = (
				642237961F33B8E500A05CCA /* ARSpriteTest */,
				642237951F33B8E500A05CCA /* Products */,
			);
			sourceTree = "<group>";
		};
		642237951F33B8E500A05CCA /* Products */ = {
			isa = PBXGroup;
			children = (
				642237941F33B8E500A05CCA /* ARSpriteTest.app */,
			);
			name = Products;
			sourceTree = "<group>";
		};
		642237961F33B8E500A05CCA /* ARSpriteTest */ = {
			isa = PBXGroup;
			children = (
				642237971F33B8E500A05CCA /* AppDelegate.swift */,
				642237991F33B8E500A05CCA /* Scene.sks */,
				6422379B1F33B8E500A05CCA /* Scene.swift */,
				6422379D1F33B8E500A05CCA /* ViewController.swift */,
				6422379F1F33B8E500A05CCA /* Main.storyboard */,
				642237A21F33B8E500A05CCA /* Assets.xcassets */,
				642237A41F33B8E500A05CCA /* LaunchScreen.storyboard */,
				642237A71F33B8E500A05CCA /* Info.plist */,
			);
			path = ARSpriteTest;
			sourceTree = "<group>";
		};
/* End PBXGroup section */

/* Begin PBXNativeTarget section */
		642237931F33B8E500A05CCA /* ARSpriteTest */ = {
			isa = PBXNativeTarget;
			buildConfigurationList = 642237AA1F33B8E500A05CCA /* Build configuration list for PBXNativeTarget "ARSpriteTest" */;
			buildPhases = (
				642237901F33B8E500A05CCA /* Sources */,
				642237911F33B8E500A05CCA /* Frameworks */,
				642237921F33B8E500A05CCA /* Resources */,
			);
			buildRules = (
			);
			dependencies = (
			);
			name = ARSpriteTest;
			productName = ARSpriteTest;
			productReference = 642237941F33B8E500A05CCA /* ARSpriteTest.app */;
			productType = "com.apple.product-type.application";
		};
/* End PBXNativeTarget section */

/* Begin PBXProject section */
		6422378C1F33B8E400A05CCA /* Project object */ = {
			isa = PBXProject;
			attributes = {
				LastSwiftUpdateCheck = 0900;
				LastUpgradeCheck = 0900;
				ORGANIZATIONNAME = "Roman Shevtsov";
				TargetAttributes = {
					642237931F33B8E500A05CCA = {
						CreatedOnToolsVersion = 9.0;
					};
				};
			};
			buildConfigurationList = 6422378F1F33B8E400A05CCA /* Build configuration list for PBXProject "ARSpriteTest" */;
			compatibilityVersion = "Xcode 8.0";
			developmentRegion = en;
			hasScannedForEncodings = 0;
			knownRegions = (
				en,
				Base,
			);
			mainGroup = 6422378B1F33B8E400A05CCA;
			productRefGroup = 642237951F33B8E500A05CCA /* Products */;
			projectDirPath = "";
			projectRoot = "";
			targets = (
				642237931F33B8E500A05CCA /* ARSpriteTest */,
			);
		};
/* End PBXProject section */

/* Begin PBXResourcesBuildPhase section */
		642237921F33B8E500A05CCA /* Resources */ = {
			isa = PBXResourcesBuildPhase;
			buildActionMask = 2147483647;
			files = (
				6422379A1F33B8E500A05CCA /* Scene.sks in Resources */,
				642237A61F33B8E500A05CCA /* LaunchScreen.storyboard in Resources */,
				642237A31F33B8E500A05CCA /* Assets.xcassets in Resources */,
				642237A11F33B8E500A05CCA /* Main.storyboard in Resources */,
			);
			runOnlyForDeploymentPostprocessing = 0;
		};
/* End PBXResourcesBuildPhase section */

/* Begin PBXSourcesBuildPhase section */
		642237901F33B8E500A05CCA /* Sources */ = {
			isa = PBXSourcesBuildPhase;
			buildActionMask = 2147483647;
			files = (
				6422379E1F33B8E500A05CCA /* ViewController.swift in Sources */,
				6422379C1F33B8E500A05CCA /* Scene.swift in Sources */,
				642237981F33B8E500A05CCA /* AppDelegate.swift in Sources */,
			);
			runOnlyForDeploymentPostprocessing = 0;
		};
/* End PBXSourcesBuildPhase section */

/* Begin PBXVariantGroup section */
		6422379F1F33B8E500A05CCA /* Main.storyboard */ = {
			isa = PBXVariantGroup;
			children = (
				642237A01F33B8E500A05CCA /* Base */,
			);
			name = Main.storyboard;
			sourceTree = "<group>";
		};
		642237A41F33B8E500A05CCA /* LaunchScreen.storyboard */ = {
			isa = PBXVariantGroup;
			children = (
				642237A51F33B8E500A05CCA /* Base */,
			);
			name = LaunchScreen.storyboard;
			sourceTree = "<group>";
		};
/* End PBXVariantGroup section */

/* Begin XCBuildConfiguration section */
		642237A81F33B8E500A05CCA /* Debug */ = {
			isa = XCBuildConfiguration;
			buildSettings = {
				ALWAYS_SEARCH_USER_PATHS = NO;
				CLANG_ANALYZER_NONNULL = YES;
				CLANG_ANALYZER_NUMBER_OBJECT_CONVERSION = YES_AGGRESSIVE;
				CLANG_CXX_LANGUAGE_STANDARD = "gnu++14";
				CLANG_CXX_LIBRARY = "libc++";
				CLANG_ENABLE_MODULES = YES;
				CLANG_ENABLE_OBJC_ARC = YES;
				CLANG_WARN_BLOCK_CAPTURE_AUTORELEASING = YES;
				CLANG_WARN_BOOL_CONVERSION = YES;
				CLANG_WARN_COMMA = YES;
				CLANG_WARN_CONSTANT_CONVERSION = YES;
				CLANG_WARN_DIRECT_OBJC_ISA_USAGE = YES_ERROR;
				CLANG_WARN_DOCUMENTATION_COMMENTS = YES;
				CLANG_WARN_EMPTY_BODY = YES;
				CLANG_WARN_ENUM_CONVERSION = YES;
				CLANG_WARN_INFINITE_RECURSION = YES;
				CLANG_WARN_INT_CONVERSION = YES;
				CLANG_WARN_NON_LITERAL_NULL_CONVERSION = YES;
				CLANG_WARN_OBJC_LITERAL_CONVERSION = YES;
				CLANG_WARN_OBJC_ROOT_CLASS = YES_ERROR;
				CLANG_WARN_RANGE_LOOP_ANALYSIS = YES;
				CLANG_WARN_STRICT_PROTOTYPES = YES;
				CLANG_WARN_SUSPICIOUS_MOVE = YES;
				CLANG_WARN_UNGUARDED_AVAILABILITY = YES_AGGRESSIVE;
				CLANG_WARN_UNREACHABLE_CODE = YES;
				CLANG_WARN__DUPLICATE_METHOD_MATCH = YES;
				CODE_SIGN_IDENTITY = "iPhone Developer";
				COPY_PHASE_STRIP = NO;
				DEBUG_INFORMATION_FORMAT = dwarf;
				ENABLE_STRICT_OBJC_MSGSEND = YES;
				ENABLE_TESTABILITY = YES;
				GCC_C_LANGUAGE_STANDARD = gnu11;
				GCC_DYNAMIC_NO_PIC = NO;
				GCC_NO_COMMON_BLOCKS = YES;
				GCC_OPTIMIZATION_LEVEL = 0;
				GCC_PREPROCESSOR_DEFINITIONS = (
					"DEBUG=1",
					"$(inherited)",
				);
				GCC_WARN_64_TO_32_BIT_CONVERSION = YES;
				GCC_WARN_ABOUT_RETURN_TYPE = YES_ERROR;
				GCC_WARN_UNDECLARED_SELECTOR = YES;
				GCC_WARN_UNINITIALIZED_AUTOS = YES_AGGRESSIVE;
				GCC_WARN_UNUSED_FUNCTION = YES;
				GCC_WARN_UNUSED_VARIABLE = YES;
				IPHONEOS_DEPLOYMENT_TARGET = 11.0;
				MTL_ENABLE_DEBUG_INFO = YES;
				ONLY_ACTIVE_ARCH = YES;
				SDKROOT = iphoneos;
				SWIFT_ACTIVE_COMPILATION_CONDITIONS = DEBUG;
				SWIFT_OPTIMIZATION_LEVEL = "-Onone";
			};
			name = Debug;
		};
		642237A91F33B8E500A05CCA /* Release */ = {
			isa = XCBuildConfiguration;
			buildSettings = {
				ALWAYS_SEARCH_USER_PATHS = NO;
				CLANG_ANALYZER_NONNULL = YES;
				CLANG_ANALYZER_NUMBER_OBJECT_CONVERSION = YES_AGGRESSIVE;
				CLANG_CXX_LANGUAGE_STANDARD = "gnu++14";
				CLANG_CXX_LIBRARY = "libc++";
				CLANG_ENABLE_MODULES = YES;
				CLANG_ENABLE_OBJC_ARC = YES;
				CLANG_WARN_BLOCK_CAPTURE_AUTORELEASING = YES;
				CLANG_WARN_BOOL_CONVERSION = YES;
				CLANG_WARN_COMMA = YES;
				CLANG_WARN_CONSTANT_CONVERSION = YES;
				CLANG_WARN_DIRECT_OBJC_ISA_USAGE = YES_ERROR;
				CLANG_WARN_DOCUMENTATION_COMMENTS = YES;
				CLANG_WARN_EMPTY_BODY = YES;
				CLANG_WARN_ENUM_CONVERSION = YES;
				CLANG_WARN_INFINITE_RECURSION = YES;
				CLANG_WARN_INT_CONVERSION = YES;
				CLANG_WARN_NON_LITERAL_NULL_CONVERSION = YES;
				CLANG_WARN_OBJC_LITERAL_CONVERSION = YES;
				CLANG_WARN_OBJC_ROOT_CLASS = YES_ERROR;
				CLANG_WARN_RANGE_LOOP_ANALYSIS = YES;
				CLANG_WARN_STRICT_PROTOTYPES = YES;
				CLANG_WARN_SUSPICIOUS_MOVE = YES;
				CLANG_WARN_UNGUARDED_AVAILABILITY = YES_AGGRESSIVE;
				CLANG_WARN_UNREACHABLE_CODE = YES;
				CLANG_WARN__DUPLICATE_METHOD_MATCH = YES;
				CODE_SIGN_IDENTITY = "iPhone Developer";
				COPY_PHASE_STRIP = NO;
				DEBUG_INFORMATION_FORMAT = "dwarf-with-dsym";
				ENABLE_NS_ASSERTIONS = NO;
				ENABLE_STRICT_OBJC_MSGSEND = YES;
				GCC_C_LANGUAGE_STANDARD = gnu11;
				GCC_NO_COMMON_BLOCKS = YES;
				GCC_WARN_64_TO_32_BIT_CONVERSION = YES;
				GCC_WARN_ABOUT_RETURN_TYPE = YES_ERROR;
				GCC_WARN_UNDECLARED_SELECTOR = YES;
				GCC_WARN_UNINITIALIZED_AUTOS = YES_AGGRESSIVE;
				GCC_WARN_UNUSED_FUNCTION = YES;
				GCC_WARN_UNUSED_VARIABLE = YES;
				IPHONEOS_DEPLOYMENT_TARGET = 11.0;
				MTL_ENABLE_DEBUG_INFO = NO;
				SDKROOT = iphoneos;
				SWIFT_OPTIMIZATION_LEVEL = "-Owholemodule";
				VALIDATE_PRODUCT = YES;
			};
			name = Release;
		};
		642237AB1F33B8E500A05CCA /* Debug */ = {
			isa = XCBuildConfiguration;
			buildSettings = {
				ASSETCATALOG_COMPILER_APPICON_NAME = AppIcon;
				DEVELOPMENT_TEAM = JTH6K53472;
				INFOPLIST_FILE = ARSpriteTest/Info.plist;
				LD_RUNPATH_SEARCH_PATHS = "$(inherited) @executable_path/Frameworks";
				PRODUCT_BUNDLE_IDENTIFIER = com.rshev.ARSpriteTest;
				PRODUCT_NAME = "$(TARGET_NAME)";
				SWIFT_VERSION = 4.0;
				TARGETED_DEVICE_FAMILY = "1,2";
			};
			name = Debug;
		};
		642237AC1F33B8E500A05CCA /* Release */ = {
			isa = XCBuildConfiguration;
			buildSettings = {
				ASSETCATALOG_COMPILER_APPICON_NAME = AppIcon;
				DEVELOPMENT_TEAM = JTH6K53472;
				INFOPLIST_FILE = ARSpriteTest/Info.plist;
				LD_RUNPATH_SEARCH_PATHS = "$(inherited) @executable_path/Frameworks";
				PRODUCT_BUNDLE_IDENTIFIER = com.rshev.ARSpriteTest;
				PRODUCT_NAME = "$(TARGET_NAME)";
				SWIFT_VERSION = 4.0;
				TARGETED_DEVICE_FAMILY = "1,2";
			};
			name = Release;
		};
/* End XCBuildConfiguration section */

/* Begin XCConfigurationList section */
		6422378F1F33B8E400A05CCA /* Build configuration list for PBXProject "ARSpriteTest" */ = {
			isa = XCConfigurationList;
			buildConfigurations = (
				642237A81F33B8E500A05CCA /* Debug */,
				642237A91F33B8E500A05CCA /* Release */,
			);
			defaultConfigurationIsVisible = 0;
			defaultConfigurationName = Release;
		};
		642237AA1F33B8E500A05CCA /* Build configuration list for PBXNativeTarget "ARSpriteTest" */ = {
			isa = XCConfigurationList;
			buildConfigurations = (
				642237AB1F33B8E500A05CCA /* Debug */,
				642237AC1F33B8E500A05CCA /* Release */,
			);
			defaultConfigurationIsVisible = 0;
			defaultConfigurationName = Release;
		};
/* End XCConfigurationList section */
	};
	rootObject = 6422378C1F33B8E400A05CCA /* Project object */;
}
